
Microsoft Visual Studio Solution File, Format Version 12.00
# Visual Studio Version 16
VisualStudioVersion = 16.0.29306.81
MinimumVisualStudioVersion = 10.0.40219.1
Project("{FAE04EC0-301F-11D3-BF4B-00C04F79EFBC}") = "BookStore", "BookStore.csproj", "{0727A19F-7F09-4FB8-94C7-9156694C0170}"
EndProject
Global
	GlobalSection(SolutionConfigurationPlatforms) = preSolution
		Debug|Any CPU = Debug|Any CPU
		Release|Any CPU = Release|Any CPU
	EndGlobalSection
	GlobalSection(ProjectConfigurationPlatforms) = postSolution
		{0727A19F-7F09-4FB8-94C7-9156694C0170}.Debug|Any CPU.ActiveCfg = Debug|Any CPU
		{0727A19F-7F09-4FB8-94C7-9156694C0170}.Debug|Any CPU.Build.0 = Debug|Any CPU
		{0727A19F-7F09-4FB8-94C7-9156694C0170}.Release|Any CPU.ActiveCfg = Release|Any CPU
		{0727A19F-7F09-4FB8-94C7-9156694C0170}.Release|Any CPU.Build.0 = Release|Any CPU
	EndGlobalSection
	GlobalSection(SolutionProperties) = preSolution
		HideSolutionNode = FALSE
	EndGlobalSection
	GlobalSection(ExtensibilityGlobals) = postSolution
		SolutionGuid = {4113143E-04B2-43D9-A845-D9A4F017F817}
	EndGlobalSection
EndGlobal
